
Microsoft Visual Studio Solution File, Format Version 12.00
# Visual Studio Version 17
VisualStudioVersion = 17.2.32519.379
MinimumVisualStudioVersion = 10.0.40219.1
Project("{FAE04EC0-301F-11D3-BF4B-00C04F79EFBC}") = "LeetCodeBlind75", "LeetCodeBlind75\LeetCodeBlind75.csproj", "{AC788A0A-1A36-4BD9-AFA3-2C77D113C228}"
EndProject
Global
	GlobalSection(SolutionConfigurationPlatforms) = preSolution
		Debug|Any CPU = Debug|Any CPU
		Release|Any CPU = Release|Any CPU
	EndGlobalSection
	GlobalSection(ProjectConfigurationPlatforms) = postSolution
		{AC788A0A-1A36-4BD9-AFA3-2C77D113C228}.Debug|Any CPU.ActiveCfg = Debug|Any CPU
		{AC788A0A-1A36-4BD9-AFA3-2C77D113C228}.Debug|Any CPU.Build.0 = Debug|Any CPU
		{AC788A0A-1A36-4BD9-AFA3-2C77D113C228}.Release|Any CPU.ActiveCfg = Release|Any CPU
		{AC788A0A-1A36-4BD9-AFA3-2C77D113C228}.Release|Any CPU.Build.0 = Release|Any CPU
	EndGlobalSection
	GlobalSection(SolutionProperties) = preSolution
		HideSolutionNode = FALSE
	EndGlobalSection
	GlobalSection(ExtensibilityGlobals) = postSolution
		SolutionGuid = {5F875241-E3DE-4E15-AAF4-36FAE1D5B713}
	EndGlobalSection
EndGlobal
